// !$*UTF8*$!
{
	archiveVersion = 1;
	classes = {
	};
	objectVersion = 50;
	objects = {

/* Begin PBXBuildFile section */
		09612D9D21EE179A00CD676C /* Item.swift in Sources */ = {isa = PBXBuildFile; fileRef = 09612D9C21EE179A00CD676C /* Item.swift */; };
		09612D9F21EE17A700CD676C /* Category.swift in Sources */ = {isa = PBXBuildFile; fileRef = 09612D9E21EE17A700CD676C /* Category.swift */; };
		09B9066121CBB5AF007EC14B /* AppDelegate.swift in Sources */ = {isa = PBXBuildFile; fileRef = 09B9066021CBB5AF007EC14B /* AppDelegate.swift */; };
		09B9066321CBB5AF007EC14B /* TodoListViewController.swift in Sources */ = {isa = PBXBuildFile; fileRef = 09B9066221CBB5AF007EC14B /* TodoListViewController.swift */; };
		09B9066621CBB5AF007EC14B /* Main.storyboard in Resources */ = {isa = PBXBuildFile; fileRef = 09B9066421CBB5AF007EC14B /* Main.storyboard */; };
		09B9066821CBB5B0007EC14B /* Assets.xcassets in Resources */ = {isa = PBXBuildFile; fileRef = 09B9066721CBB5B0007EC14B /* Assets.xcassets */; };
		09B9066B21CBB5B0007EC14B /* LaunchScreen.storyboard in Resources */ = {isa = PBXBuildFile; fileRef = 09B9066921CBB5B0007EC14B /* LaunchScreen.storyboard */; };
		09B9069D21E7734A007EC14B /* CatagoriesController.swift in Sources */ = {isa = PBXBuildFile; fileRef = 09B9069C21E7734A007EC14B /* CatagoriesController.swift */; };
		85D456F0C23D1101621FB91A /* Pods_Todey.framework in Frameworks */ = {isa = PBXBuildFile; fileRef = 6FA5172289E5526A92F48B2A /* Pods_Todey.framework */; };
/* End PBXBuildFile section */

/* Begin PBXFileReference section */
		092D32BF9EE23114B4646CA6 /* Pods-Todey.debug.xcconfig */ = {isa = PBXFileReference; includeInIndex = 1; lastKnownFileType = text.xcconfig; name = "Pods-Todey.debug.xcconfig"; path = "Pods/Target Support Files/Pods-Todey/Pods-Todey.debug.xcconfig"; sourceTree = "<group>"; };
		09612D9C21EE179A00CD676C /* Item.swift */ = {isa = PBXFileReference; lastKnownFileType = sourcecode.swift; path = Item.swift; sourceTree = "<group>"; };
		09612D9E21EE17A700CD676C /* Category.swift */ = {isa = PBXFileReference; lastKnownFileType = sourcecode.swift; path = Category.swift; sourceTree = "<group>"; };
		09B9065D21CBB5AF007EC14B /* Todey.app */ = {isa = PBXFileReference; explicitFileType = wrapper.application; includeInIndex = 0; path = Todey.app; sourceTree = BUILT_PRODUCTS_DIR; };
		09B9066021CBB5AF007EC14B /* AppDelegate.swift */ = {isa = PBXFileReference; lastKnownFileType = sourcecode.swift; path = AppDelegate.swift; sourceTree = "<group>"; };
		09B9066221CBB5AF007EC14B /* TodoListViewController.swift */ = {isa = PBXFileReference; lastKnownFileType = sourcecode.swift; path = TodoListViewController.swift; sourceTree = "<group>"; };
		09B9066521CBB5AF007EC14B /* Base */ = {isa = PBXFileReference; lastKnownFileType = file.storyboard; name = Base; path = Base.lproj/Main.storyboard; sourceTree = "<group>"; };
		09B9066721CBB5B0007EC14B /* Assets.xcassets */ = {isa = PBXFileReference; lastKnownFileType = folder.assetcatalog; path = Assets.xcassets; sourceTree = "<group>"; };
		09B9066A21CBB5B0007EC14B /* Base */ = {isa = PBXFileReference; lastKnownFileType = file.storyboard; name = Base; path = Base.lproj/LaunchScreen.storyboard; sourceTree = "<group>"; };
		09B9066C21CBB5B0007EC14B /* Info.plist */ = {isa = PBXFileReference; lastKnownFileType = text.plist.xml; path = Info.plist; sourceTree = "<group>"; };
		09B9069C21E7734A007EC14B /* CatagoriesController.swift */ = {isa = PBXFileReference; lastKnownFileType = sourcecode.swift; path = CatagoriesController.swift; sourceTree = "<group>"; };
		6FA5172289E5526A92F48B2A /* Pods_Todey.framework */ = {isa = PBXFileReference; explicitFileType = wrapper.framework; includeInIndex = 0; path = Pods_Todey.framework; sourceTree = BUILT_PRODUCTS_DIR; };
		EA784687485601AFF12DCF4A /* Pods-Todey.release.xcconfig */ = {isa = PBXFileReference; includeInIndex = 1; lastKnownFileType = text.xcconfig; name = "Pods-Todey.release.xcconfig"; path = "Pods/Target Support Files/Pods-Todey/Pods-Todey.release.xcconfig"; sourceTree = "<group>"; };
/* End PBXFileReference section */

/* Begin PBXFrameworksBuildPhase section */
		09B9065A21CBB5AF007EC14B /* Frameworks */ = {
			isa = PBXFrameworksBuildPhase;
			buildActionMask = 2147483647;
			files = (
				85D456F0C23D1101621FB91A /* Pods_Todey.framework in Frameworks */,
			);
			runOnlyForDeploymentPostprocessing = 0;
		};
/* End PBXFrameworksBuildPhase section */

/* Begin PBXGroup section */
		09B9065421CBB5AF007EC14B = {
			isa = PBXGroup;
			children = (
				09B9065F21CBB5AF007EC14B /* Todey */,
				09B9065E21CBB5AF007EC14B /* Products */,
				2F5999203D6EDB1A5B9DF203 /* Pods */,
				1D60039D6E53A4E45337624A /* Frameworks */,
			);
			sourceTree = "<group>";
		};
		09B9065E21CBB5AF007EC14B /* Products */ = {
			isa = PBXGroup;
			children = (
				09B9065D21CBB5AF007EC14B /* Todey.app */,
			);
			name = Products;
			sourceTree = "<group>";
		};
		09B9065F21CBB5AF007EC14B /* Todey */ = {
			isa = PBXGroup;
			children = (
				09B9067421D4E28E007EC14B /* Model */,
				09B9067621D4E2AA007EC14B /* View */,
				09B9067521D4E299007EC14B /* Controller */,
				09B9067721D4E2F0007EC14B /* Supporting Files */,
				09B9066C21CBB5B0007EC14B /* Info.plist */,
			);
			path = Todey;
			sourceTree = "<group>";
		};
		09B9067421D4E28E007EC14B /* Model */ = {
			isa = PBXGroup;
			children = (
				09612D9E21EE17A700CD676C /* Category.swift */,
				09612D9C21EE179A00CD676C /* Item.swift */,
			);
			path = Model;
			sourceTree = "<group>";
		};
		09B9067521D4E299007EC14B /* Controller */ = {
			isa = PBXGroup;
			children = (
				09B9066021CBB5AF007EC14B /* AppDelegate.swift */,
				09B9069C21E7734A007EC14B /* CatagoriesController.swift */,
				09B9066221CBB5AF007EC14B /* TodoListViewController.swift */,
			);
			path = Controller;
			sourceTree = "<group>";
		};
		09B9067621D4E2AA007EC14B /* View */ = {
			isa = PBXGroup;
			children = (
				09B9066421CBB5AF007EC14B /* Main.storyboard */,
			);
			path = View;
			sourceTree = "<group>";
		};
		09B9067721D4E2F0007EC14B /* Supporting Files */ = {
			isa = PBXGroup;
			children = (
				09B9066721CBB5B0007EC14B /* Assets.xcassets */,
				09B9066921CBB5B0007EC14B /* LaunchScreen.storyboard */,
			);
			path = "Supporting Files";
			sourceTree = "<group>";
		};
		1D60039D6E53A4E45337624A /* Frameworks */ = {
			isa = PBXGroup;
			children = (
				6FA5172289E5526A92F48B2A /* Pods_Todey.framework */,
			);
			name = Frameworks;
			sourceTree = "<group>";
		};
		2F5999203D6EDB1A5B9DF203 /* Pods */ = {
			isa = PBXGroup;
			children = (
				092D32BF9EE23114B4646CA6 /* Pods-Todey.debug.xcconfig */,
				EA784687485601AFF12DCF4A /* Pods-Todey.release.xcconfig */,
			);
			name = Pods;
			sourceTree = "<group>";
		};
/* End PBXGroup section */

/* Begin PBXNativeTarget section */
		09B9065C21CBB5AF007EC14B /* Todey */ = {
			isa = PBXNativeTarget;
			buildConfigurationList = 09B9066F21CBB5B0007EC14B /* Build configuration list for PBXNativeTarget "Todey" */;
			buildPhases = (
				4801CEE5BD15DD74C42736D3 /* [CP] Check Pods Manifest.lock */,
				09B9065921CBB5AF007EC14B /* Sources */,
				09B9065A21CBB5AF007EC14B /* Frameworks */,
				09B9065B21CBB5AF007EC14B /* Resources */,
				799A45C273F14254013A609D /* [CP] Embed Pods Frameworks */,
			);
			buildRules = (
			);
			dependencies = (
			);
			name = Todey;
			productName = Todey;
			productReference = 09B9065D21CBB5AF007EC14B /* Todey.app */;
			productType = "com.apple.product-type.application";
		};
/* End PBXNativeTarget section */

/* Begin PBXProject section */
		09B9065521CBB5AF007EC14B /* Project object */ = {
			isa = PBXProject;
			attributes = {
				LastSwiftUpdateCheck = 1010;
				LastUpgradeCheck = 1010;
				ORGANIZATIONNAME = "Harsh Khetarpal";
				TargetAttributes = {
					09B9065C21CBB5AF007EC14B = {
						CreatedOnToolsVersion = 10.1;
					};
				};
			};
			buildConfigurationList = 09B9065821CBB5AF007EC14B /* Build configuration list for PBXProject "Todey" */;
			compatibilityVersion = "Xcode 9.3";
			developmentRegion = en;
			hasScannedForEncodings = 0;
			knownRegions = (
				en,
				Base,
			);
			mainGroup = 09B9065421CBB5AF007EC14B;
			productRefGroup = 09B9065E21CBB5AF007EC14B /* Products */;
			projectDirPath = "";
			projectRoot = "";
			targets = (
				09B9065C21CBB5AF007EC14B /* Todey */,
			);
		};
/* End PBXProject section */

/* Begin PBXResourcesBuildPhase section */
		09B9065B21CBB5AF007EC14B /* Resources */ = {
			isa = PBXResourcesBuildPhase;
			buildActionMask = 2147483647;
			files = (
				09B9066B21CBB5B0007EC14B /* LaunchScreen.storyboard in Resources */,
				09B9066821CBB5B0007EC14B /* Assets.xcassets in Resources */,
				09B9066621CBB5AF007EC14B /* Main.storyboard in Resources */,
			);
			runOnlyForDeploymentPostprocessing = 0;
		};
/* End PBXResourcesBuildPhase section */

/* Begin PBXShellScriptBuildPhase section */
		4801CEE5BD15DD74C42736D3 /* [CP] Check Pods Manifest.lock */ = {
			isa = PBXShellScriptBuildPhase;
			buildActionMask = 2147483647;
			files = (
			);
			inputFileListPaths = (
			);
			inputPaths = (
				"${PODS_PODFILE_DIR_PATH}/Podfile.lock",
				"${PODS_ROOT}/Manifest.lock",
			);
			name = "[CP] Check Pods Manifest.lock";
			outputFileListPaths = (
			);
			outputPaths = (
				"$(DERIVED_FILE_DIR)/Pods-Todey-checkManifestLockResult.txt",
			);
			runOnlyForDeploymentPostprocessing = 0;
			shellPath = /bin/sh;
			shellScript = "diff \"${PODS_PODFILE_DIR_PATH}/Podfile.lock\" \"${PODS_ROOT}/Manifest.lock\" > /dev/null\nif [ $? != 0 ] ; then\n    # print error to STDERR\n    echo \"error: The sandbox is not in sync with the Podfile.lock. Run 'pod install' or update your CocoaPods installation.\" >&2\n    exit 1\nfi\n# This output is used by Xcode 'outputs' to avoid re-running this script phase.\necho \"SUCCESS\" > \"${SCRIPT_OUTPUT_FILE_0}\"\n";
			showEnvVarsInLog = 0;
		};
		799A45C273F14254013A609D /* [CP] Embed Pods Frameworks */ = {
			isa = PBXShellScriptBuildPhase;
			buildActionMask = 2147483647;
			files = (
			);
			inputFileListPaths = (
			);
			inputPaths = (
				"${SRCROOT}/Pods/Target Support Files/Pods-Todey/Pods-Todey-frameworks.sh",
				"${BUILT_PRODUCTS_DIR}/Realm/Realm.framework",
				"${BUILT_PRODUCTS_DIR}/RealmSwift/RealmSwift.framework",
				"${BUILT_PRODUCTS_DIR}/SwipeCellKit/SwipeCellKit.framework",
			);
			name = "[CP] Embed Pods Frameworks";
			outputFileListPaths = (
			);
			outputPaths = (
				"${TARGET_BUILD_DIR}/${FRAMEWORKS_FOLDER_PATH}/Realm.framework",
				"${TARGET_BUILD_DIR}/${FRAMEWORKS_FOLDER_PATH}/RealmSwift.framework",
				"${TARGET_BUILD_DIR}/${FRAMEWORKS_FOLDER_PATH}/SwipeCellKit.framework",
			);
			runOnlyForDeploymentPostprocessing = 0;
			shellPath = /bin/sh;
			shellScript = "\"${SRCROOT}/Pods/Target Support Files/Pods-Todey/Pods-Todey-frameworks.sh\"\n";
			showEnvVarsInLog = 0;
		};
/* End PBXShellScriptBuildPhase section */

/* Begin PBXSourcesBuildPhase section */
		09B9065921CBB5AF007EC14B /* Sources */ = {
			isa = PBXSourcesBuildPhase;
			buildActionMask = 2147483647;
			files = (
				09612D9D21EE179A00CD676C /* Item.swift in Sources */,
				09B9066321CBB5AF007EC14B /* TodoListViewController.swift in Sources */,
				09B9066121CBB5AF007EC14B /* AppDelegate.swift in Sources */,
				09B9069D21E7734A007EC14B /* CatagoriesController.swift in Sources */,
				09612D9F21EE17A700CD676C /* Category.swift in Sources */,
			);
			runOnlyForDeploymentPostprocessing = 0;
		};
/* End PBXSourcesBuildPhase section */

/* Begin PBXVariantGroup section */
		09B9066421CBB5AF007EC14B /* Main.storyboard */ = {
			isa = PBXVariantGroup;
			children = (
				09B9066521CBB5AF007EC14B /* Base */,
			);
			name = Main.storyboard;
			sourceTree = "<group>";
		};
		09B9066921CBB5B0007EC14B /* LaunchScreen.storyboard */ = {
			isa = PBXVariantGroup;
			children = (
				09B9066A21CBB5B0007EC14B /* Base */,
			);
			name = LaunchScreen.storyboard;
			sourceTree = "<group>";
		};
/* End PBXVariantGroup section */

/* Begin XCBuildConfiguration section */
		09B9066D21CBB5B0007EC14B /* Debug */ = {
			isa = XCBuildConfiguration;
			buildSettings = {
				ALWAYS_SEARCH_USER_PATHS = NO;
				CLANG_ANALYZER_NONNULL = YES;
				CLANG_ANALYZER_NUMBER_OBJECT_CONVERSION = YES_AGGRESSIVE;
				CLANG_CXX_LANGUAGE_STANDARD = "gnu++14";
				CLANG_CXX_LIBRARY = "libc++";
				CLANG_ENABLE_MODULES = YES;
				CLANG_ENABLE_OBJC_ARC = YES;
				CLANG_ENABLE_OBJC_WEAK = YES;
				CLANG_WARN_BLOCK_CAPTURE_AUTORELEASING = YES;
				CLANG_WARN_BOOL_CONVERSION = YES;
				CLANG_WARN_COMMA = YES;
				CLANG_WARN_CONSTANT_CONVERSION = YES;
				CLANG_WARN_DEPRECATED_OBJC_IMPLEMENTATIONS = YES;
				CLANG_WARN_DIRECT_OBJC_ISA_USAGE = YES_ERROR;
				CLANG_WARN_DOCUMENTATION_COMMENTS = YES;
				CLANG_WARN_EMPTY_BODY = YES;
				CLANG_WARN_ENUM_CONVERSION = YES;
				CLANG_WARN_INFINITE_RECURSION = YES;
				CLANG_WARN_INT_CONVERSION = YES;
				CLANG_WARN_NON_LITERAL_NULL_CONVERSION = YES;
				CLANG_WARN_OBJC_IMPLICIT_RETAIN_SELF = YES;
				CLANG_WARN_OBJC_LITERAL_CONVERSION = YES;
				CLANG_WARN_OBJC_ROOT_CLASS = YES_ERROR;
				CLANG_WARN_RANGE_LOOP_ANALYSIS = YES;
				CLANG_WARN_STRICT_PROTOTYPES = YES;
				CLANG_WARN_SUSPICIOUS_MOVE = YES;
				CLANG_WARN_UNGUARDED_AVAILABILITY = YES_AGGRESSIVE;
				CLANG_WARN_UNREACHABLE_CODE = YES;
				CLANG_WARN__DUPLICATE_METHOD_MATCH = YES;
				CODE_SIGN_IDENTITY = "iPhone Developer";
				COPY_PHASE_STRIP = NO;
				DEBUG_INFORMATION_FORMAT = dwarf;
				ENABLE_STRICT_OBJC_MSGSEND = YES;
				ENABLE_TESTABILITY = YES;
				GCC_C_LANGUAGE_STANDARD = gnu11;
				GCC_DYNAMIC_NO_PIC = NO;
				GCC_NO_COMMON_BLOCKS = YES;
				GCC_OPTIMIZATION_LEVEL = 0;
				GCC_PREPROCESSOR_DEFINITIONS = (
					"DEBUG=1",
					"$(inherited)",
				);
				GCC_WARN_64_TO_32_BIT_CONVERSION = YES;
				GCC_WARN_ABOUT_RETURN_TYPE = YES_ERROR;
				GCC_WARN_UNDECLARED_SELECTOR = YES;
				GCC_WARN_UNINITIALIZED_AUTOS = YES_AGGRESSIVE;
				GCC_WARN_UNUSED_FUNCTION = YES;
				GCC_WARN_UNUSED_VARIABLE = YES;
				IPHONEOS_DEPLOYMENT_TARGET = 12.1;
				MTL_ENABLE_DEBUG_INFO = INCLUDE_SOURCE;
				MTL_FAST_MATH = YES;
				ONLY_ACTIVE_ARCH = YES;
				SDKROOT = iphoneos;
				SWIFT_ACTIVE_COMPILATION_CONDITIONS = DEBUG;
				SWIFT_OPTIMIZATION_LEVEL = "-Onone";
			};
			name = Debug;
		};
		09B9066E21CBB5B0007EC14B /* Release */ = {
			isa = XCBuildConfiguration;
			buildSettings = {
				ALWAYS_SEARCH_USER_PATHS = NO;
				CLANG_ANALYZER_NONNULL = YES;
				CLANG_ANALYZER_NUMBER_OBJECT_CONVERSION = YES_AGGRESSIVE;
				CLANG_CXX_LANGUAGE_STANDARD = "gnu++14";
				CLANG_CXX_LIBRARY = "libc++";
				CLANG_ENABLE_MODULES = YES;
				CLANG_ENABLE_OBJC_ARC = YES;
				CLANG_ENABLE_OBJC_WEAK = YES;
				CLANG_WARN_BLOCK_CAPTURE_AUTORELEASING = YES;
				CLANG_WARN_BOOL_CONVERSION = YES;
				CLANG_WARN_COMMA = YES;
				CLANG_WARN_CONSTANT_CONVERSION = YES;
				CLANG_WARN_DEPRECATED_OBJC_IMPLEMENTATIONS = YES;
				CLANG_WARN_DIRECT_OBJC_ISA_USAGE = YES_ERROR;
				CLANG_WARN_DOCUMENTATION_COMMENTS = YES;
				CLANG_WARN_EMPTY_BODY = YES;
				CLANG_WARN_ENUM_CONVERSION = YES;
				CLANG_WARN_INFINITE_RECURSION = YES;
				CLANG_WARN_INT_CONVERSION = YES;
				CLANG_WARN_NON_LITERAL_NULL_CONVERSION = YES;
				CLANG_WARN_OBJC_IMPLICIT_RETAIN_SELF = YES;
				CLANG_WARN_OBJC_LITERAL_CONVERSION = YES;
				CLANG_WARN_OBJC_ROOT_CLASS = YES_ERROR;
				CLANG_WARN_RANGE_LOOP_ANALYSIS = YES;
				CLANG_WARN_STRICT_PROTOTYPES = YES;
				CLANG_WARN_SUSPICIOUS_MOVE = YES;
				CLANG_WARN_UNGUARDED_AVAILABILITY = YES_AGGRESSIVE;
				CLANG_WARN_UNREACHABLE_CODE = YES;
				CLANG_WARN__DUPLICATE_METHOD_MATCH = YES;
				CODE_SIGN_IDENTITY = "iPhone Developer";
				COPY_PHASE_STRIP = NO;
				DEBUG_INFORMATION_FORMAT = "dwarf-with-dsym";
				ENABLE_NS_ASSERTIONS = NO;
				ENABLE_STRICT_OBJC_MSGSEND = YES;
				GCC_C_LANGUAGE_STANDARD = gnu11;
				GCC_NO_COMMON_BLOCKS = YES;
				GCC_WARN_64_TO_32_BIT_CONVERSION = YES;
				GCC_WARN_ABOUT_RETURN_TYPE = YES_ERROR;
				GCC_WARN_UNDECLARED_SELECTOR = YES;
				GCC_WARN_UNINITIALIZED_AUTOS = YES_AGGRESSIVE;
				GCC_WARN_UNUSED_FUNCTION = YES;
				GCC_WARN_UNUSED_VARIABLE = YES;
				IPHONEOS_DEPLOYMENT_TARGET = 12.1;
				MTL_ENABLE_DEBUG_INFO = NO;
				MTL_FAST_MATH = YES;
				SDKROOT = iphoneos;
				SWIFT_COMPILATION_MODE = wholemodule;
				SWIFT_OPTIMIZATION_LEVEL = "-O";
				VALIDATE_PRODUCT = YES;
			};
			name = Release;
		};
		09B9067021CBB5B0007EC14B /* Debug */ = {
			isa = XCBuildConfiguration;
			baseConfigurationReference = 092D32BF9EE23114B4646CA6 /* Pods-Todey.debug.xcconfig */;
			buildSettings = {
				ASSETCATALOG_COMPILER_APPICON_NAME = AppIcon;
				CODE_SIGN_STYLE = Automatic;
				DEVELOPMENT_TEAM = P783TF622J;
				INFOPLIST_FILE = Todey/Info.plist;
				LD_RUNPATH_SEARCH_PATHS = (
					"$(inherited)",
					"@executable_path/Frameworks",
				);
				PRODUCT_BUNDLE_IDENTIFIER = com.harsh.Todey;
				PRODUCT_NAME = "$(TARGET_NAME)";
				SWIFT_VERSION = 4.2;
				TARGETED_DEVICE_FAMILY = "1,2";
			};
			name = Debug;
		};
		09B9067121CBB5B0007EC14B /* Release */ = {
			isa = XCBuildConfiguration;
			baseConfigurationReference = EA784687485601AFF12DCF4A /* Pods-Todey.release.xcconfig */;
			buildSettings = {
				ASSETCATALOG_COMPILER_APPICON_NAME = AppIcon;
				CODE_SIGN_STYLE = Automatic;
				DEVELOPMENT_TEAM = P783TF622J;
				INFOPLIST_FILE = Todey/Info.plist;
				LD_RUNPATH_SEARCH_PATHS = (
					"$(inherited)",
					"@executable_path/Frameworks",
				);
				PRODUCT_BUNDLE_IDENTIFIER = com.harsh.Todey;
				PRODUCT_NAME = "$(TARGET_NAME)";
				SWIFT_VERSION = 4.2;
				TARGETED_DEVICE_FAMILY = "1,2";
			};
			name = Release;
		};
/* End XCBuildConfiguration section */

/* Begin XCConfigurationList section */
		09B9065821CBB5AF007EC14B /* Build configuration list for PBXProject "Todey" */ = {
			isa = XCConfigurationList;
			buildConfigurations = (
				09B9066D21CBB5B0007EC14B /* Debug */,
				09B9066E21CBB5B0007EC14B /* Release */,
			);
			defaultConfigurationIsVisible = 0;
			defaultConfigurationName = Release;
		};
		09B9066F21CBB5B0007EC14B /* Build configuration list for PBXNativeTarget "Todey" */ = {
			isa = XCConfigurationList;
			buildConfigurations = (
				09B9067021CBB5B0007EC14B /* Debug */,
				09B9067121CBB5B0007EC14B /* Release */,
			);
			defaultConfigurationIsVisible = 0;
			defaultConfigurationName = Release;
		};
/* End XCConfigurationList section */
	};
	rootObject = 09B9065521CBB5AF007EC14B /* Project object */;
}
